// !$*UTF8*$!
{
	archiveVersion = 1;
	classes = {
	};
	objectVersion = 51;
	objects = {

/* Begin PBXBuildFile section */
		5651E1AFA100B09CD6CB88FA /* Pods_MagotakuApp.framework in Frameworks */ = {isa = PBXBuildFile; fileRef = C0C6317F8CB795A7E1AF04B4 /* Pods_MagotakuApp.framework */; };
		8505BEC9241B7E4100E46191 /* Reservation03ViewController.swift in Sources */ = {isa = PBXBuildFile; fileRef = 8505BEC7241B7E4100E46191 /* Reservation03ViewController.swift */; };
		8505BECA241B7E4100E46191 /* Reservation03ViewController.xib in Resources */ = {isa = PBXBuildFile; fileRef = 8505BEC8241B7E4100E46191 /* Reservation03ViewController.xib */; };
		8505BECF241C7AAB00E46191 /* LoginStudentViewController.swift in Sources */ = {isa = PBXBuildFile; fileRef = 8505BECD241C7AAB00E46191 /* LoginStudentViewController.swift */; };
		8505BED0241C7AAB00E46191 /* LoginStudentViewController.xib in Resources */ = {isa = PBXBuildFile; fileRef = 8505BECE241C7AAB00E46191 /* LoginStudentViewController.xib */; };
		8505BED2241DECB800E46191 /* ReservationCollection.swift in Sources */ = {isa = PBXBuildFile; fileRef = 8505BED1241DECB800E46191 /* ReservationCollection.swift */; };
		8505BED4241DECD000E46191 /* ReservationUseCase.swift in Sources */ = {isa = PBXBuildFile; fileRef = 8505BED3241DECD000E46191 /* ReservationUseCase.swift */; };
		850B93A0240560530010CE87 /* SeniorUser.swift in Sources */ = {isa = PBXBuildFile; fileRef = 850B939F240560530010CE87 /* SeniorUser.swift */; };
		850B93A524057F1B0010CE87 /* SignUp1ViewController.swift in Sources */ = {isa = PBXBuildFile; fileRef = 850B93A324057F1B0010CE87 /* SignUp1ViewController.swift */; };
		850B93A624057F1B0010CE87 /* SignUp1ViewController.xib in Resources */ = {isa = PBXBuildFile; fileRef = 850B93A424057F1B0010CE87 /* SignUp1ViewController.xib */; };
		850B93AD2405B06C0010CE87 /* UIViewController+.swift in Sources */ = {isa = PBXBuildFile; fileRef = 850B93AC2405B06C0010CE87 /* UIViewController+.swift */; };
		850B93B524068E4F0010CE87 /* SignUp2ViewController.swift in Sources */ = {isa = PBXBuildFile; fileRef = 850B93B324068E4F0010CE87 /* SignUp2ViewController.swift */; };
		850B93B624068E4F0010CE87 /* SignUp2ViewController.xib in Resources */ = {isa = PBXBuildFile; fileRef = 850B93B424068E4F0010CE87 /* SignUp2ViewController.xib */; };
		850B93BA2406AE440010CE87 /* SignUp3ViewController.swift in Sources */ = {isa = PBXBuildFile; fileRef = 850B93B82406AE440010CE87 /* SignUp3ViewController.swift */; };
		850B93BB2406AE440010CE87 /* SignUp3ViewController.xib in Resources */ = {isa = PBXBuildFile; fileRef = 850B93B92406AE440010CE87 /* SignUp3ViewController.xib */; };
		850B93BF2406F1A90010CE87 /* SignUp4ViewController.swift in Sources */ = {isa = PBXBuildFile; fileRef = 850B93BD2406F1A90010CE87 /* SignUp4ViewController.swift */; };
		850B93C02406F1A90010CE87 /* SignUp4ViewController.xib in Resources */ = {isa = PBXBuildFile; fileRef = 850B93BE2406F1A90010CE87 /* SignUp4ViewController.xib */; };
		850B93C424075DCA0010CE87 /* SignUp5ViewController.swift in Sources */ = {isa = PBXBuildFile; fileRef = 850B93C224075DCA0010CE87 /* SignUp5ViewController.swift */; };
		850B93C524075DCA0010CE87 /* SignUp5ViewController.xib in Resources */ = {isa = PBXBuildFile; fileRef = 850B93C324075DCA0010CE87 /* SignUp5ViewController.xib */; };
		850B93C7240778730010CE87 /* PlaceholderTextView.swift in Sources */ = {isa = PBXBuildFile; fileRef = 850B93C6240778730010CE87 /* PlaceholderTextView.swift */; };
		850B93CB24078C9B0010CE87 /* SignUp6ViewController.swift in Sources */ = {isa = PBXBuildFile; fileRef = 850B93C924078C9B0010CE87 /* SignUp6ViewController.swift */; };
		850B93CC24078C9B0010CE87 /* SignUp6ViewController.xib in Resources */ = {isa = PBXBuildFile; fileRef = 850B93CA24078C9B0010CE87 /* SignUp6ViewController.xib */; };
		850B93D5240823930010CE87 /* SignUp7ViewController.swift in Sources */ = {isa = PBXBuildFile; fileRef = 850B93D3240823930010CE87 /* SignUp7ViewController.swift */; };
		850B93D6240823930010CE87 /* SignUp7ViewController.xib in Resources */ = {isa = PBXBuildFile; fileRef = 850B93D4240823930010CE87 /* SignUp7ViewController.xib */; };
		850B93E324092EF10010CE87 /* SignUp0ViewController.swift in Sources */ = {isa = PBXBuildFile; fileRef = 850B93E124092EF10010CE87 /* SignUp0ViewController.swift */; };
		850B93E424092EF10010CE87 /* SignUp0ViewController.xib in Resources */ = {isa = PBXBuildFile; fileRef = 850B93E224092EF10010CE87 /* SignUp0ViewController.xib */; };
		850B93E72409456F0010CE87 /* SignUp8ViewController.swift in Sources */ = {isa = PBXBuildFile; fileRef = 850B93E52409456F0010CE87 /* SignUp8ViewController.swift */; };
		850B93E82409456F0010CE87 /* SignUp8ViewController.xib in Resources */ = {isa = PBXBuildFile; fileRef = 850B93E62409456F0010CE87 /* SignUp8ViewController.xib */; };
		850B93EC2409C0390010CE87 /* HomeViewController.swift in Sources */ = {isa = PBXBuildFile; fileRef = 850B93EA2409C0390010CE87 /* HomeViewController.swift */; };
		850B93ED2409C0390010CE87 /* HomeViewController.xib in Resources */ = {isa = PBXBuildFile; fileRef = 850B93EB2409C0390010CE87 /* HomeViewController.xib */; };
		8514A462242AFD4400FC0BCF /* EditProfileViewController.swift in Sources */ = {isa = PBXBuildFile; fileRef = 8514A460242AFD4400FC0BCF /* EditProfileViewController.swift */; };
		8514A463242AFD4400FC0BCF /* EditProfileViewController.xib in Resources */ = {isa = PBXBuildFile; fileRef = 8514A461242AFD4400FC0BCF /* EditProfileViewController.xib */; };
		8560DD2E240E71FA000BF5BF /* TextView.swift in Sources */ = {isa = PBXBuildFile; fileRef = 8560DD2D240E71FA000BF5BF /* TextView.swift */; };
		8560DD302410E7B1000BF5BF /* UIView+constraints.swift in Sources */ = {isa = PBXBuildFile; fileRef = 8560DD2F2410E7B1000BF5BF /* UIView+constraints.swift */; };
		8560DD342410FD6D000BF5BF /* ReservationListViewController.swift in Sources */ = {isa = PBXBuildFile; fileRef = 8560DD322410FD6D000BF5BF /* ReservationListViewController.swift */; };
		8560DD352410FD6D000BF5BF /* ReservationListViewController.xib in Resources */ = {isa = PBXBuildFile; fileRef = 8560DD332410FD6D000BF5BF /* ReservationListViewController.xib */; };
		8560DD39241107F9000BF5BF /* MessageListViewController.swift in Sources */ = {isa = PBXBuildFile; fileRef = 8560DD37241107F9000BF5BF /* MessageListViewController.swift */; };
		8560DD3A241107F9000BF5BF /* MessageListViewController.xib in Resources */ = {isa = PBXBuildFile; fileRef = 8560DD38241107F9000BF5BF /* MessageListViewController.xib */; };
		8560DD3D241109C7000BF5BF /* ReservationCell.swift in Sources */ = {isa = PBXBuildFile; fileRef = 8560DD3B241109C7000BF5BF /* ReservationCell.swift */; };
		8560DD3E241109C7000BF5BF /* ReservationCell.xib in Resources */ = {isa = PBXBuildFile; fileRef = 8560DD3C241109C7000BF5BF /* ReservationCell.xib */; };
		8560DD422412168B000BF5BF /* Reservation01ViewController.swift in Sources */ = {isa = PBXBuildFile; fileRef = 8560DD402412168B000BF5BF /* Reservation01ViewController.swift */; };
		8560DD432412168B000BF5BF /* Reservation01ViewController.xib in Resources */ = {isa = PBXBuildFile; fileRef = 8560DD412412168B000BF5BF /* Reservation01ViewController.xib */; };
		8560DD4624121C49000BF5BF /* Reservation.swift in Sources */ = {isa = PBXBuildFile; fileRef = 8560DD4524121C49000BF5BF /* Reservation.swift */; };
		8560DD4B2412727A000BF5BF /* Reservation02ViewController.swift in Sources */ = {isa = PBXBuildFile; fileRef = 8560DD4924127279000BF5BF /* Reservation02ViewController.swift */; };
		8560DD4C2412727A000BF5BF /* Reservation02ViewController.xib in Resources */ = {isa = PBXBuildFile; fileRef = 8560DD4A2412727A000BF5BF /* Reservation02ViewController.xib */; };
		8560DD512413A936000BF5BF /* Reservation00ViewController.swift in Sources */ = {isa = PBXBuildFile; fileRef = 8560DD4F2413A936000BF5BF /* Reservation00ViewController.swift */; };
		8560DD522413A936000BF5BF /* Reservation00ViewController.xib in Resources */ = {isa = PBXBuildFile; fileRef = 8560DD502413A936000BF5BF /* Reservation00ViewController.xib */; };
		858EC3FD2404E14D008A93EC /* GoogleService-Info.plist in Resources */ = {isa = PBXBuildFile; fileRef = 858EC3FC2404E14D008A93EC /* GoogleService-Info.plist */; };
		858EC4022404F324008A93EC /* LoginViewController.swift in Sources */ = {isa = PBXBuildFile; fileRef = 858EC4002404F324008A93EC /* LoginViewController.swift */; };
		858EC4032404F324008A93EC /* LoginViewController.xib in Resources */ = {isa = PBXBuildFile; fileRef = 858EC4012404F324008A93EC /* LoginViewController.xib */; };
		858EC4062405047F008A93EC /* CustomTextFiled.swift in Sources */ = {isa = PBXBuildFile; fileRef = 858EC4052405047F008A93EC /* CustomTextFiled.swift */; };
		85A506B32404C89900A2F582 /* AppDelegate.swift in Sources */ = {isa = PBXBuildFile; fileRef = 85A506B22404C89900A2F582 /* AppDelegate.swift */; };
		85A506B52404C89900A2F582 /* SceneDelegate.swift in Sources */ = {isa = PBXBuildFile; fileRef = 85A506B42404C89900A2F582 /* SceneDelegate.swift */; };
		85A506B72404C89900A2F582 /* ViewController.swift in Sources */ = {isa = PBXBuildFile; fileRef = 85A506B62404C89900A2F582 /* ViewController.swift */; };
		85A506BA2404C89900A2F582 /* Main.storyboard in Resources */ = {isa = PBXBuildFile; fileRef = 85A506B82404C89900A2F582 /* Main.storyboard */; };
		85A506BC2404C89C00A2F582 /* Assets.xcassets in Resources */ = {isa = PBXBuildFile; fileRef = 85A506BB2404C89C00A2F582 /* Assets.xcassets */; };
		85A506BF2404C89C00A2F582 /* LaunchScreen.storyboard in Resources */ = {isa = PBXBuildFile; fileRef = 85A506BD2404C89C00A2F582 /* LaunchScreen.storyboard */; };
		85BB35DF2431D197001255FC /* DetailReservationCell.swift in Sources */ = {isa = PBXBuildFile; fileRef = 85BB35DD2431D197001255FC /* DetailReservationCell.swift */; };
		85BB35E02431D197001255FC /* DetailReservationCell.xib in Resources */ = {isa = PBXBuildFile; fileRef = 85BB35DE2431D197001255FC /* DetailReservationCell.xib */; };
		85BD3D92242E55B3002E44AE /* DetailSearchViewController.swift in Sources */ = {isa = PBXBuildFile; fileRef = 85BD3D90242E55B3002E44AE /* DetailSearchViewController.swift */; };
		85BD3D93242E55B3002E44AE /* DetailSearchViewController.xib in Resources */ = {isa = PBXBuildFile; fileRef = 85BD3D91242E55B3002E44AE /* DetailSearchViewController.xib */; };
		85CA687D24260F7000062D82 /* StudentCollection.swift in Sources */ = {isa = PBXBuildFile; fileRef = 85CA687C24260F7000062D82 /* StudentCollection.swift */; };
		85CA68842429E98C00062D82 /* StudentReservationCollection.swift in Sources */ = {isa = PBXBuildFile; fileRef = 85CA68832429E98C00062D82 /* StudentReservationCollection.swift */; };
		85CA6887242A01BD00062D82 /* CustomReservationCell.swift in Sources */ = {isa = PBXBuildFile; fileRef = 85CA6885242A01BD00062D82 /* CustomReservationCell.swift */; };
		85CA6888242A01BD00062D82 /* CustomReservationCell.xib in Resources */ = {isa = PBXBuildFile; fileRef = 85CA6886242A01BD00062D82 /* CustomReservationCell.xib */; };
		85CA688C242A522200062D82 /* StudentReservationListViewController.swift in Sources */ = {isa = PBXBuildFile; fileRef = 85CA688A242A522200062D82 /* StudentReservationListViewController.swift */; };
		85CA688D242A522200062D82 /* StudentReservationListViewController.xib in Resources */ = {isa = PBXBuildFile; fileRef = 85CA688B242A522200062D82 /* StudentReservationListViewController.xib */; };
		85DB99F424178E750092935B /* CustomCell.swift in Sources */ = {isa = PBXBuildFile; fileRef = 85DB99F224178E750092935B /* CustomCell.swift */; };
		85DB99F524178E750092935B /* CustomCell.xib in Resources */ = {isa = PBXBuildFile; fileRef = 85DB99F324178E750092935B /* CustomCell.xib */; };
		85DB99F72417A05F0092935B /* CustomLabel.swift in Sources */ = {isa = PBXBuildFile; fileRef = 85DB99F62417A05F0092935B /* CustomLabel.swift */; };
		85DB99FA2417ADA30092935B /* CustomCell2.swift in Sources */ = {isa = PBXBuildFile; fileRef = 85DB99F82417ADA30092935B /* CustomCell2.swift */; };
		85DB99FB2417ADA30092935B /* CustomCell2.xib in Resources */ = {isa = PBXBuildFile; fileRef = 85DB99F92417ADA30092935B /* CustomCell2.xib */; };
		85DB99FE241A05670092935B /* CustomCollectionCell.swift in Sources */ = {isa = PBXBuildFile; fileRef = 85DB99FC241A05670092935B /* CustomCollectionCell.swift */; };
		85DB99FF241A05670092935B /* CustomCollectionCell.xib in Resources */ = {isa = PBXBuildFile; fileRef = 85DB99FD241A05670092935B /* CustomCollectionCell.xib */; };
		85DB9A03241A0E4B0092935B /* ColumnFlowLayout.swift in Sources */ = {isa = PBXBuildFile; fileRef = 85DB9A02241A0E4B0092935B /* ColumnFlowLayout.swift */; };
		85E6D66F2436D754001F49CE /* SeniorDetailProfileViewController.swift in Sources */ = {isa = PBXBuildFile; fileRef = 85E6D66D2436D754001F49CE /* SeniorDetailProfileViewController.swift */; };
		85E6D6702436D754001F49CE /* SeniorDetailProfileViewController.xib in Resources */ = {isa = PBXBuildFile; fileRef = 85E6D66E2436D754001F49CE /* SeniorDetailProfileViewController.xib */; };
		85E6D673243727BA001F49CE /* StudentMessageListViewController.swift in Sources */ = {isa = PBXBuildFile; fileRef = 85E6D671243727BA001F49CE /* StudentMessageListViewController.swift */; };
		85E6D674243727BA001F49CE /* StudentMessageListViewController.xib in Resources */ = {isa = PBXBuildFile; fileRef = 85E6D672243727BA001F49CE /* StudentMessageListViewController.xib */; };
		85E812402420BD2C004ECB87 /* CustomCell3.swift in Sources */ = {isa = PBXBuildFile; fileRef = 85E8123E2420BD2C004ECB87 /* CustomCell3.swift */; };
		85E812412420BD2C004ECB87 /* CustomCell3.xib in Resources */ = {isa = PBXBuildFile; fileRef = 85E8123F2420BD2C004ECB87 /* CustomCell3.xib */; };
		85E8124524220913004ECB87 /* SignUpStudentViewController.swift in Sources */ = {isa = PBXBuildFile; fileRef = 85E8124324220913004ECB87 /* SignUpStudentViewController.swift */; };
		85E8124624220913004ECB87 /* SignUpStudentViewController.xib in Resources */ = {isa = PBXBuildFile; fileRef = 85E8124424220913004ECB87 /* SignUpStudentViewController.xib */; };
		85E8124924220F0F004ECB87 /* StudentUser.swift in Sources */ = {isa = PBXBuildFile; fileRef = 85E8124824220F0F004ECB87 /* StudentUser.swift */; };
		85E8124B24225ECC004ECB87 /* StudentUseCase.swift in Sources */ = {isa = PBXBuildFile; fileRef = 85E8124A24225ECC004ECB87 /* StudentUseCase.swift */; };
		85E8124E242276B2004ECB87 /* CustomCell4.swift in Sources */ = {isa = PBXBuildFile; fileRef = 85E8124C242276B2004ECB87 /* CustomCell4.swift */; };
		85E8124F242276B2004ECB87 /* CustomCell4.xib in Resources */ = {isa = PBXBuildFile; fileRef = 85E8124D242276B2004ECB87 /* CustomCell4.xib */; };
		85E81253242345C5004ECB87 /* ReservationDetailViewController.swift in Sources */ = {isa = PBXBuildFile; fileRef = 85E81251242345C4004ECB87 /* ReservationDetailViewController.swift */; };
		85E81254242345C5004ECB87 /* ReservationDetailViewController.xib in Resources */ = {isa = PBXBuildFile; fileRef = 85E81252242345C4004ECB87 /* ReservationDetailViewController.xib */; };
		85EC4DED240D198500FCDCD2 /* SeniorUserUseCase.swift in Sources */ = {isa = PBXBuildFile; fileRef = 85EC4DEC240D198500FCDCD2 /* SeniorUserUseCase.swift */; };
		85EC4DEF240D1F9000FCDCD2 /* SeniorUserCollection.swift in Sources */ = {isa = PBXBuildFile; fileRef = 85EC4DEE240D1F9000FCDCD2 /* SeniorUserCollection.swift */; };
		85EC4DFF240E4C7A00FCDCD2 /* ReservationViewController.swift in Sources */ = {isa = PBXBuildFile; fileRef = 85EC4DFD240E4C7A00FCDCD2 /* ReservationViewController.swift */; };
		85EC4E00240E4C7A00FCDCD2 /* ReservationViewController.xib in Resources */ = {isa = PBXBuildFile; fileRef = 85EC4DFE240E4C7A00FCDCD2 /* ReservationViewController.xib */; };
		85EC4E05240E4CE200FCDCD2 /* ProfileViewController.swift in Sources */ = {isa = PBXBuildFile; fileRef = 85EC4E03240E4CE200FCDCD2 /* ProfileViewController.swift */; };
		85EC4E06240E4CE200FCDCD2 /* ProfileViewController.xib in Resources */ = {isa = PBXBuildFile; fileRef = 85EC4E04240E4CE200FCDCD2 /* ProfileViewController.xib */; };
		85EC4E09240E4E7600FCDCD2 /* MainTabBarController.swift in Sources */ = {isa = PBXBuildFile; fileRef = 85EC4E08240E4E7600FCDCD2 /* MainTabBarController.swift */; };
		85EC4E0B240E4EC000FCDCD2 /* MainNavigationController.swift in Sources */ = {isa = PBXBuildFile; fileRef = 85EC4E0A240E4EC000FCDCD2 /* MainNavigationController.swift */; };
		85F244B2243640CE00FCBE4F /* PartSeniorProfileViewController.swift in Sources */ = {isa = PBXBuildFile; fileRef = 85F244B0243640CE00FCBE4F /* PartSeniorProfileViewController.swift */; };
		85F244B3243640CE00FCBE4F /* PartSeniorProfileViewController.xib in Resources */ = {isa = PBXBuildFile; fileRef = 85F244B1243640CE00FCBE4F /* PartSeniorProfileViewController.xib */; };
		85FE10A6241DFFF1005B33BE /* StudentTabBarController.swift in Sources */ = {isa = PBXBuildFile; fileRef = 85FE10A5241DFFF1005B33BE /* StudentTabBarController.swift */; };
		85FE10AD241E18B7005B33BE /* StudentProfileViewController.swift in Sources */ = {isa = PBXBuildFile; fileRef = 85FE10AB241E18B7005B33BE /* StudentProfileViewController.swift */; };
		85FE10AE241E18B8005B33BE /* StudentProfileViewController.xib in Resources */ = {isa = PBXBuildFile; fileRef = 85FE10AC241E18B7005B33BE /* StudentProfileViewController.xib */; };
		85FE10B2241E18EA005B33BE /* StudentReservationViewController.swift in Sources */ = {isa = PBXBuildFile; fileRef = 85FE10B0241E18EA005B33BE /* StudentReservationViewController.swift */; };
		85FE10B3241E18EA005B33BE /* StudentReservationViewController.xib in Resources */ = {isa = PBXBuildFile; fileRef = 85FE10B1241E18EA005B33BE /* StudentReservationViewController.xib */; };
		85FE10B7241E1916005B33BE /* SearchViewController.swift in Sources */ = {isa = PBXBuildFile; fileRef = 85FE10B5241E1916005B33BE /* SearchViewController.swift */; };
		85FE10B8241E1916005B33BE /* SearchViewController.xib in Resources */ = {isa = PBXBuildFile; fileRef = 85FE10B6241E1916005B33BE /* SearchViewController.xib */; };
/* End PBXBuildFile section */

/* Begin PBXFileReference section */
		1A12F10324DD0A6DD32145AC /* Pods-MagotakuApp.debug.xcconfig */ = {isa = PBXFileReference; includeInIndex = 1; lastKnownFileType = text.xcconfig; name = "Pods-MagotakuApp.debug.xcconfig"; path = "Target Support Files/Pods-MagotakuApp/Pods-MagotakuApp.debug.xcconfig"; sourceTree = "<group>"; };
		8505BEC7241B7E4100E46191 /* Reservation03ViewController.swift */ = {isa = PBXFileReference; lastKnownFileType = sourcecode.swift; path = Reservation03ViewController.swift; sourceTree = "<group>"; };
		8505BEC8241B7E4100E46191 /* Reservation03ViewController.xib */ = {isa = PBXFileReference; lastKnownFileType = file.xib; path = Reservation03ViewController.xib; sourceTree = "<group>"; };
		8505BECD241C7AAB00E46191 /* LoginStudentViewController.swift */ = {isa = PBXFileReference; lastKnownFileType = sourcecode.swift; path = LoginStudentViewController.swift; sourceTree = "<group>"; };
		8505BECE241C7AAB00E46191 /* LoginStudentViewController.xib */ = {isa = PBXFileReference; lastKnownFileType = file.xib; path = LoginStudentViewController.xib; sourceTree = "<group>"; };
		8505BED1241DECB800E46191 /* ReservationCollection.swift */ = {isa = PBXFileReference; lastKnownFileType = sourcecode.swift; path = ReservationCollection.swift; sourceTree = "<group>"; };
		8505BED3241DECD000E46191 /* ReservationUseCase.swift */ = {isa = PBXFileReference; lastKnownFileType = sourcecode.swift; path = ReservationUseCase.swift; sourceTree = "<group>"; };
		850B939F240560530010CE87 /* SeniorUser.swift */ = {isa = PBXFileReference; lastKnownFileType = sourcecode.swift; path = SeniorUser.swift; sourceTree = "<group>"; };
		850B93A324057F1B0010CE87 /* SignUp1ViewController.swift */ = {isa = PBXFileReference; lastKnownFileType = sourcecode.swift; path = SignUp1ViewController.swift; sourceTree = "<group>"; };
		850B93A424057F1B0010CE87 /* SignUp1ViewController.xib */ = {isa = PBXFileReference; lastKnownFileType = file.xib; path = SignUp1ViewController.xib; sourceTree = "<group>"; };
		850B93AC2405B06C0010CE87 /* UIViewController+.swift */ = {isa = PBXFileReference; lastKnownFileType = sourcecode.swift; path = "UIViewController+.swift"; sourceTree = "<group>"; };
		850B93B324068E4F0010CE87 /* SignUp2ViewController.swift */ = {isa = PBXFileReference; lastKnownFileType = sourcecode.swift; path = SignUp2ViewController.swift; sourceTree = "<group>"; };
		850B93B424068E4F0010CE87 /* SignUp2ViewController.xib */ = {isa = PBXFileReference; lastKnownFileType = file.xib; path = SignUp2ViewController.xib; sourceTree = "<group>"; };
		850B93B82406AE440010CE87 /* SignUp3ViewController.swift */ = {isa = PBXFileReference; lastKnownFileType = sourcecode.swift; path = SignUp3ViewController.swift; sourceTree = "<group>"; };
		850B93B92406AE440010CE87 /* SignUp3ViewController.xib */ = {isa = PBXFileReference; lastKnownFileType = file.xib; path = SignUp3ViewController.xib; sourceTree = "<group>"; };
		850B93BD2406F1A90010CE87 /* SignUp4ViewController.swift */ = {isa = PBXFileReference; lastKnownFileType = sourcecode.swift; path = SignUp4ViewController.swift; sourceTree = "<group>"; };
		850B93BE2406F1A90010CE87 /* SignUp4ViewController.xib */ = {isa = PBXFileReference; lastKnownFileType = file.xib; path = SignUp4ViewController.xib; sourceTree = "<group>"; };
		850B93C224075DCA0010CE87 /* SignUp5ViewController.swift */ = {isa = PBXFileReference; lastKnownFileType = sourcecode.swift; path = SignUp5ViewController.swift; sourceTree = "<group>"; };
		850B93C324075DCA0010CE87 /* SignUp5ViewController.xib */ = {isa = PBXFileReference; lastKnownFileType = file.xib; path = SignUp5ViewController.xib; sourceTree = "<group>"; };
		850B93C6240778730010CE87 /* PlaceholderTextView.swift */ = {isa = PBXFileReference; lastKnownFileType = sourcecode.swift; path = PlaceholderTextView.swift; sourceTree = "<group>"; };
		850B93C924078C9B0010CE87 /* SignUp6ViewController.swift */ = {isa = PBXFileReference; lastKnownFileType = sourcecode.swift; path = SignUp6ViewController.swift; sourceTree = "<group>"; };
		850B93CA24078C9B0010CE87 /* SignUp6ViewController.xib */ = {isa = PBXFileReference; lastKnownFileType = file.xib; path = SignUp6ViewController.xib; sourceTree = "<group>"; };
		850B93D3240823930010CE87 /* SignUp7ViewController.swift */ = {isa = PBXFileReference; lastKnownFileType = sourcecode.swift; path = SignUp7ViewController.swift; sourceTree = "<group>"; };
		850B93D4240823930010CE87 /* SignUp7ViewController.xib */ = {isa = PBXFileReference; lastKnownFileType = file.xib; path = SignUp7ViewController.xib; sourceTree = "<group>"; };
		850B93E124092EF10010CE87 /* SignUp0ViewController.swift */ = {isa = PBXFileReference; lastKnownFileType = sourcecode.swift; path = SignUp0ViewController.swift; sourceTree = "<group>"; };
		850B93E224092EF10010CE87 /* SignUp0ViewController.xib */ = {isa = PBXFileReference; lastKnownFileType = file.xib; path = SignUp0ViewController.xib; sourceTree = "<group>"; };
		850B93E52409456F0010CE87 /* SignUp8ViewController.swift */ = {isa = PBXFileReference; lastKnownFileType = sourcecode.swift; path = SignUp8ViewController.swift; sourceTree = "<group>"; };
		850B93E62409456F0010CE87 /* SignUp8ViewController.xib */ = {isa = PBXFileReference; lastKnownFileType = file.xib; path = SignUp8ViewController.xib; sourceTree = "<group>"; };
		850B93EA2409C0390010CE87 /* HomeViewController.swift */ = {isa = PBXFileReference; lastKnownFileType = sourcecode.swift; path = HomeViewController.swift; sourceTree = "<group>"; };
		850B93EB2409C0390010CE87 /* HomeViewController.xib */ = {isa = PBXFileReference; lastKnownFileType = file.xib; path = HomeViewController.xib; sourceTree = "<group>"; };
		8514A460242AFD4400FC0BCF /* EditProfileViewController.swift */ = {isa = PBXFileReference; lastKnownFileType = sourcecode.swift; path = EditProfileViewController.swift; sourceTree = "<group>"; };
		8514A461242AFD4400FC0BCF /* EditProfileViewController.xib */ = {isa = PBXFileReference; lastKnownFileType = file.xib; path = EditProfileViewController.xib; sourceTree = "<group>"; };
		8560DD2D240E71FA000BF5BF /* TextView.swift */ = {isa = PBXFileReference; lastKnownFileType = sourcecode.swift; path = TextView.swift; sourceTree = "<group>"; };
		8560DD2F2410E7B1000BF5BF /* UIView+constraints.swift */ = {isa = PBXFileReference; lastKnownFileType = sourcecode.swift; path = "UIView+constraints.swift"; sourceTree = "<group>"; };
		8560DD322410FD6D000BF5BF /* ReservationListViewController.swift */ = {isa = PBXFileReference; lastKnownFileType = sourcecode.swift; path = ReservationListViewController.swift; sourceTree = "<group>"; };
		8560DD332410FD6D000BF5BF /* ReservationListViewController.xib */ = {isa = PBXFileReference; lastKnownFileType = file.xib; path = ReservationListViewController.xib; sourceTree = "<group>"; };
		8560DD37241107F9000BF5BF /* MessageListViewController.swift */ = {isa = PBXFileReference; lastKnownFileType = sourcecode.swift; path = MessageListViewController.swift; sourceTree = "<group>"; };
		8560DD38241107F9000BF5BF /* MessageListViewController.xib */ = {isa = PBXFileReference; lastKnownFileType = file.xib; path = MessageListViewController.xib; sourceTree = "<group>"; };
		8560DD3B241109C7000BF5BF /* ReservationCell.swift */ = {isa = PBXFileReference; lastKnownFileType = sourcecode.swift; path = ReservationCell.swift; sourceTree = "<group>"; };
		8560DD3C241109C7000BF5BF /* ReservationCell.xib */ = {isa = PBXFileReference; lastKnownFileType = file.xib; path = ReservationCell.xib; sourceTree = "<group>"; };
		8560DD402412168B000BF5BF /* Reservation01ViewController.swift */ = {isa = PBXFileReference; lastKnownFileType = sourcecode.swift; path = Reservation01ViewController.swift; sourceTree = "<group>"; };
		8560DD412412168B000BF5BF /* Reservation01ViewController.xib */ = {isa = PBXFileReference; lastKnownFileType = file.xib; path = Reservation01ViewController.xib; sourceTree = "<group>"; };
		8560DD4524121C49000BF5BF /* Reservation.swift */ = {isa = PBXFileReference; lastKnownFileType = sourcecode.swift; path = Reservation.swift; sourceTree = "<group>"; };
		8560DD4924127279000BF5BF /* Reservation02ViewController.swift */ = {isa = PBXFileReference; lastKnownFileType = sourcecode.swift; path = Reservation02ViewController.swift; sourceTree = "<group>"; };
		8560DD4A2412727A000BF5BF /* Reservation02ViewController.xib */ = {isa = PBXFileReference; lastKnownFileType = file.xib; path = Reservation02ViewController.xib; sourceTree = "<group>"; };
		8560DD4F2413A936000BF5BF /* Reservation00ViewController.swift */ = {isa = PBXFileReference; lastKnownFileType = sourcecode.swift; path = Reservation00ViewController.swift; sourceTree = "<group>"; };
		8560DD502413A936000BF5BF /* Reservation00ViewController.xib */ = {isa = PBXFileReference; lastKnownFileType = file.xib; path = Reservation00ViewController.xib; sourceTree = "<group>"; };
		858EC3FC2404E14D008A93EC /* GoogleService-Info.plist */ = {isa = PBXFileReference; fileEncoding = 4; lastKnownFileType = text.plist.xml; path = "GoogleService-Info.plist"; sourceTree = "<group>"; };
		858EC4002404F324008A93EC /* LoginViewController.swift */ = {isa = PBXFileReference; lastKnownFileType = sourcecode.swift; path = LoginViewController.swift; sourceTree = "<group>"; };
		858EC4012404F324008A93EC /* LoginViewController.xib */ = {isa = PBXFileReference; lastKnownFileType = file.xib; path = LoginViewController.xib; sourceTree = "<group>"; };
		858EC4052405047F008A93EC /* CustomTextFiled.swift */ = {isa = PBXFileReference; lastKnownFileType = sourcecode.swift; path = CustomTextFiled.swift; sourceTree = "<group>"; };
		85A506AF2404C89900A2F582 /* MagotakuApp.app */ = {isa = PBXFileReference; explicitFileType = wrapper.application; includeInIndex = 0; path = MagotakuApp.app; sourceTree = BUILT_PRODUCTS_DIR; };
		85A506B22404C89900A2F582 /* AppDelegate.swift */ = {isa = PBXFileReference; lastKnownFileType = sourcecode.swift; path = AppDelegate.swift; sourceTree = "<group>"; };
		85A506B42404C89900A2F582 /* SceneDelegate.swift */ = {isa = PBXFileReference; lastKnownFileType = sourcecode.swift; path = SceneDelegate.swift; sourceTree = "<group>"; };
		85A506B62404C89900A2F582 /* ViewController.swift */ = {isa = PBXFileReference; lastKnownFileType = sourcecode.swift; path = ViewController.swift; sourceTree = "<group>"; };
		85A506B92404C89900A2F582 /* Base */ = {isa = PBXFileReference; lastKnownFileType = file.storyboard; name = Base; path = Base.lproj/Main.storyboard; sourceTree = "<group>"; };
		85A506BB2404C89C00A2F582 /* Assets.xcassets */ = {isa = PBXFileReference; lastKnownFileType = folder.assetcatalog; path = Assets.xcassets; sourceTree = "<group>"; };
		85A506BE2404C89C00A2F582 /* Base */ = {isa = PBXFileReference; lastKnownFileType = file.storyboard; name = Base; path = Base.lproj/LaunchScreen.storyboard; sourceTree = "<group>"; };
		85A506C02404C89C00A2F582 /* Info.plist */ = {isa = PBXFileReference; lastKnownFileType = text.plist.xml; path = Info.plist; sourceTree = "<group>"; };
		85BB35DD2431D197001255FC /* DetailReservationCell.swift */ = {isa = PBXFileReference; lastKnownFileType = sourcecode.swift; path = DetailReservationCell.swift; sourceTree = "<group>"; };
		85BB35DE2431D197001255FC /* DetailReservationCell.xib */ = {isa = PBXFileReference; lastKnownFileType = file.xib; path = DetailReservationCell.xib; sourceTree = "<group>"; };
		85BD3D90242E55B3002E44AE /* DetailSearchViewController.swift */ = {isa = PBXFileReference; lastKnownFileType = sourcecode.swift; path = DetailSearchViewController.swift; sourceTree = "<group>"; };
		85BD3D91242E55B3002E44AE /* DetailSearchViewController.xib */ = {isa = PBXFileReference; lastKnownFileType = file.xib; path = DetailSearchViewController.xib; sourceTree = "<group>"; };
		85CA687C24260F7000062D82 /* StudentCollection.swift */ = {isa = PBXFileReference; lastKnownFileType = sourcecode.swift; path = StudentCollection.swift; sourceTree = "<group>"; };
		85CA68832429E98C00062D82 /* StudentReservationCollection.swift */ = {isa = PBXFileReference; lastKnownFileType = sourcecode.swift; path = StudentReservationCollection.swift; sourceTree = "<group>"; };
		85CA6885242A01BD00062D82 /* CustomReservationCell.swift */ = {isa = PBXFileReference; lastKnownFileType = sourcecode.swift; path = CustomReservationCell.swift; sourceTree = "<group>"; };
		85CA6886242A01BD00062D82 /* CustomReservationCell.xib */ = {isa = PBXFileReference; lastKnownFileType = file.xib; path = CustomReservationCell.xib; sourceTree = "<group>"; };
		85CA688A242A522200062D82 /* StudentReservationListViewController.swift */ = {isa = PBXFileReference; lastKnownFileType = sourcecode.swift; path = StudentReservationListViewController.swift; sourceTree = "<group>"; };
		85CA688B242A522200062D82 /* StudentReservationListViewController.xib */ = {isa = PBXFileReference; lastKnownFileType = file.xib; path = StudentReservationListViewController.xib; sourceTree = "<group>"; };
		85DB99F224178E750092935B /* CustomCell.swift */ = {isa = PBXFileReference; lastKnownFileType = sourcecode.swift; path = CustomCell.swift; sourceTree = "<group>"; };
		85DB99F324178E750092935B /* CustomCell.xib */ = {isa = PBXFileReference; lastKnownFileType = file.xib; path = CustomCell.xib; sourceTree = "<group>"; };
		85DB99F62417A05F0092935B /* CustomLabel.swift */ = {isa = PBXFileReference; lastKnownFileType = sourcecode.swift; path = CustomLabel.swift; sourceTree = "<group>"; };
		85DB99F82417ADA30092935B /* CustomCell2.swift */ = {isa = PBXFileReference; lastKnownFileType = sourcecode.swift; path = CustomCell2.swift; sourceTree = "<group>"; };
		85DB99F92417ADA30092935B /* CustomCell2.xib */ = {isa = PBXFileReference; lastKnownFileType = file.xib; path = CustomCell2.xib; sourceTree = "<group>"; };
		85DB99FC241A05670092935B /* CustomCollectionCell.swift */ = {isa = PBXFileReference; lastKnownFileType = sourcecode.swift; path = CustomCollectionCell.swift; sourceTree = "<group>"; };
		85DB99FD241A05670092935B /* CustomCollectionCell.xib */ = {isa = PBXFileReference; lastKnownFileType = file.xib; path = CustomCollectionCell.xib; sourceTree = "<group>"; };
		85DB9A02241A0E4B0092935B /* ColumnFlowLayout.swift */ = {isa = PBXFileReference; lastKnownFileType = sourcecode.swift; path = ColumnFlowLayout.swift; sourceTree = "<group>"; };
		85E6D66D2436D754001F49CE /* SeniorDetailProfileViewController.swift */ = {isa = PBXFileReference; lastKnownFileType = sourcecode.swift; path = SeniorDetailProfileViewController.swift; sourceTree = "<group>"; };
		85E6D66E2436D754001F49CE /* SeniorDetailProfileViewController.xib */ = {isa = PBXFileReference; lastKnownFileType = file.xib; path = SeniorDetailProfileViewController.xib; sourceTree = "<group>"; };
		85E6D671243727BA001F49CE /* StudentMessageListViewController.swift */ = {isa = PBXFileReference; lastKnownFileType = sourcecode.swift; path = StudentMessageListViewController.swift; sourceTree = "<group>"; };
		85E6D672243727BA001F49CE /* StudentMessageListViewController.xib */ = {isa = PBXFileReference; lastKnownFileType = file.xib; path = StudentMessageListViewController.xib; sourceTree = "<group>"; };
		85E8123E2420BD2C004ECB87 /* CustomCell3.swift */ = {isa = PBXFileReference; lastKnownFileType = sourcecode.swift; path = CustomCell3.swift; sourceTree = "<group>"; };
		85E8123F2420BD2C004ECB87 /* CustomCell3.xib */ = {isa = PBXFileReference; lastKnownFileType = file.xib; path = CustomCell3.xib; sourceTree = "<group>"; };
		85E8124324220913004ECB87 /* SignUpStudentViewController.swift */ = {isa = PBXFileReference; lastKnownFileType = sourcecode.swift; path = SignUpStudentViewController.swift; sourceTree = "<group>"; };
		85E8124424220913004ECB87 /* SignUpStudentViewController.xib */ = {isa = PBXFileReference; lastKnownFileType = file.xib; path = SignUpStudentViewController.xib; sourceTree = "<group>"; };
		85E8124824220F0F004ECB87 /* StudentUser.swift */ = {isa = PBXFileReference; lastKnownFileType = sourcecode.swift; path = StudentUser.swift; sourceTree = "<group>"; };
		85E8124A24225ECC004ECB87 /* StudentUseCase.swift */ = {isa = PBXFileReference; lastKnownFileType = sourcecode.swift; path = StudentUseCase.swift; sourceTree = "<group>"; };
		85E8124C242276B2004ECB87 /* CustomCell4.swift */ = {isa = PBXFileReference; lastKnownFileType = sourcecode.swift; path = CustomCell4.swift; sourceTree = "<group>"; };
		85E8124D242276B2004ECB87 /* CustomCell4.xib */ = {isa = PBXFileReference; lastKnownFileType = file.xib; path = CustomCell4.xib; sourceTree = "<group>"; };
		85E81251242345C4004ECB87 /* ReservationDetailViewController.swift */ = {isa = PBXFileReference; lastKnownFileType = sourcecode.swift; path = ReservationDetailViewController.swift; sourceTree = "<group>"; };
		85E81252242345C4004ECB87 /* ReservationDetailViewController.xib */ = {isa = PBXFileReference; lastKnownFileType = file.xib; path = ReservationDetailViewController.xib; sourceTree = "<group>"; };
		85EC4DEC240D198500FCDCD2 /* SeniorUserUseCase.swift */ = {isa = PBXFileReference; lastKnownFileType = sourcecode.swift; path = SeniorUserUseCase.swift; sourceTree = "<group>"; };
		85EC4DEE240D1F9000FCDCD2 /* SeniorUserCollection.swift */ = {isa = PBXFileReference; lastKnownFileType = sourcecode.swift; path = SeniorUserCollection.swift; sourceTree = "<group>"; };
		85EC4DFD240E4C7A00FCDCD2 /* ReservationViewController.swift */ = {isa = PBXFileReference; lastKnownFileType = sourcecode.swift; path = ReservationViewController.swift; sourceTree = "<group>"; };
		85EC4DFE240E4C7A00FCDCD2 /* ReservationViewController.xib */ = {isa = PBXFileReference; lastKnownFileType = file.xib; path = ReservationViewController.xib; sourceTree = "<group>"; };
		85EC4E03240E4CE200FCDCD2 /* ProfileViewController.swift */ = {isa = PBXFileReference; lastKnownFileType = sourcecode.swift; path = ProfileViewController.swift; sourceTree = "<group>"; };
		85EC4E04240E4CE200FCDCD2 /* ProfileViewController.xib */ = {isa = PBXFileReference; lastKnownFileType = file.xib; path = ProfileViewController.xib; sourceTree = "<group>"; };
		85EC4E08240E4E7600FCDCD2 /* MainTabBarController.swift */ = {isa = PBXFileReference; lastKnownFileType = sourcecode.swift; path = MainTabBarController.swift; sourceTree = "<group>"; };
		85EC4E0A240E4EC000FCDCD2 /* MainNavigationController.swift */ = {isa = PBXFileReference; lastKnownFileType = sourcecode.swift; path = MainNavigationController.swift; sourceTree = "<group>"; };
		85F244B0243640CE00FCBE4F /* PartSeniorProfileViewController.swift */ = {isa = PBXFileReference; lastKnownFileType = sourcecode.swift; path = PartSeniorProfileViewController.swift; sourceTree = "<group>"; };
		85F244B1243640CE00FCBE4F /* PartSeniorProfileViewController.xib */ = {isa = PBXFileReference; lastKnownFileType = file.xib; path = PartSeniorProfileViewController.xib; sourceTree = "<group>"; };
		85FE10A5241DFFF1005B33BE /* StudentTabBarController.swift */ = {isa = PBXFileReference; lastKnownFileType = sourcecode.swift; path = StudentTabBarController.swift; sourceTree = "<group>"; };
		85FE10AB241E18B7005B33BE /* StudentProfileViewController.swift */ = {isa = PBXFileReference; lastKnownFileType = sourcecode.swift; path = StudentProfileViewController.swift; sourceTree = "<group>"; };
		85FE10AC241E18B7005B33BE /* StudentProfileViewController.xib */ = {isa = PBXFileReference; lastKnownFileType = file.xib; path = StudentProfileViewController.xib; sourceTree = "<group>"; };
		85FE10B0241E18EA005B33BE /* StudentReservationViewController.swift */ = {isa = PBXFileReference; lastKnownFileType = sourcecode.swift; path = StudentReservationViewController.swift; sourceTree = "<group>"; };
		85FE10B1241E18EA005B33BE /* StudentReservationViewController.xib */ = {isa = PBXFileReference; lastKnownFileType = file.xib; path = StudentReservationViewController.xib; sourceTree = "<group>"; };
		85FE10B5241E1916005B33BE /* SearchViewController.swift */ = {isa = PBXFileReference; lastKnownFileType = sourcecode.swift; path = SearchViewController.swift; sourceTree = "<group>"; };
		85FE10B6241E1916005B33BE /* SearchViewController.xib */ = {isa = PBXFileReference; lastKnownFileType = file.xib; path = SearchViewController.xib; sourceTree = "<group>"; };
		9ACBFEF63BB3767F2202B9DB /* Pods-MagotakuApp.release.xcconfig */ = {isa = PBXFileReference; includeInIndex = 1; lastKnownFileType = text.xcconfig; name = "Pods-MagotakuApp.release.xcconfig"; path = "Target Support Files/Pods-MagotakuApp/Pods-MagotakuApp.release.xcconfig"; sourceTree = "<group>"; };
		C0C6317F8CB795A7E1AF04B4 /* Pods_MagotakuApp.framework */ = {isa = PBXFileReference; explicitFileType = wrapper.framework; includeInIndex = 0; path = Pods_MagotakuApp.framework; sourceTree = BUILT_PRODUCTS_DIR; };
/* End PBXFileReference section */

/* Begin PBXFrameworksBuildPhase section */
		85A506AC2404C89900A2F582 /* Frameworks */ = {
			isa = PBXFrameworksBuildPhase;
			buildActionMask = 2147483647;
			files = (
				5651E1AFA100B09CD6CB88FA /* Pods_MagotakuApp.framework in Frameworks */,
			);
			runOnlyForDeploymentPostprocessing = 0;
		};
/* End PBXFrameworksBuildPhase section */

/* Begin PBXGroup section */
		8505BEC6241B7E2100E46191 /* Reservation03 */ = {
			isa = PBXGroup;
			children = (
				8505BEC7241B7E4100E46191 /* Reservation03ViewController.swift */,
				8505BEC8241B7E4100E46191 /* Reservation03ViewController.xib */,
				85E8123E2420BD2C004ECB87 /* CustomCell3.swift */,
				85E8123F2420BD2C004ECB87 /* CustomCell3.xib */,
				85E8124C242276B2004ECB87 /* CustomCell4.swift */,
				85E8124D242276B2004ECB87 /* CustomCell4.xib */,
			);
			path = Reservation03;
			sourceTree = "<group>";
		};
		8505BECB241C7A6B00E46191 /* Students */ = {
			isa = PBXGroup;
			children = (
				85E81242242208F5004ECB87 /* SignUp */,
				85FE10A9241E17B6005B33BE /* Profile */,
				85FE10A8241E17A7005B33BE /* Reservation */,
				85FE10A7241E177E005B33BE /* Search */,
				85FE10A4241DFFA0005B33BE /* Settings */,
				8505BECC241C7A7900E46191 /* Login */,
			);
			path = Students;
			sourceTree = "<group>";
		};
		8505BECC241C7A7900E46191 /* Login */ = {
			isa = PBXGroup;
			children = (
				8505BECD241C7AAB00E46191 /* LoginStudentViewController.swift */,
				8505BECE241C7AAB00E46191 /* LoginStudentViewController.xib */,
			);
			path = Login;
			sourceTree = "<group>";
		};
		8505BED5241DECE600E46191 /* SeniorReservation */ = {
			isa = PBXGroup;
			children = (
				85CA68822429E96500062D82 /* ForStudent */,
				8560DD4524121C49000BF5BF /* Reservation.swift */,
				8505BED3241DECD000E46191 /* ReservationUseCase.swift */,
				8505BED1241DECB800E46191 /* ReservationCollection.swift */,
			);
			path = SeniorReservation;
			sourceTree = "<group>";
		};
		8505BED6241DECFE00E46191 /* SeniorUser */ = {
			isa = PBXGroup;
			children = (
				850B939F240560530010CE87 /* SeniorUser.swift */,
				85EC4DEC240D198500FCDCD2 /* SeniorUserUseCase.swift */,
				85EC4DEE240D1F9000FCDCD2 /* SeniorUserCollection.swift */,
			);
			path = SeniorUser;
			sourceTree = "<group>";
		};
		8505BED7241DF65700E46191 /* Seniors */ = {
			isa = PBXGroup;
			children = (
				85EC4E07240E4E5200FCDCD2 /* Settings */,
				85EC4E01240E4C8F00FCDCD2 /* Profile */,
				85EC4DFC240E4C5B00FCDCD2 /* Reservation */,
				850B93E92409C0230010CE87 /* Home */,
				850B93A124057EF60010CE87 /* SignUp */,
				858EC3FF2404F30F008A93EC /* Login */,
			);
			path = Seniors;
			sourceTree = "<group>";
		};
		850B93A124057EF60010CE87 /* SignUp */ = {
			isa = PBXGroup;
			children = (
				850B93E024092EA00010CE87 /* SignUp0 */,
				850B93D724083C2B0010CE87 /* SignUp8 */,
				850B93D2240823720010CE87 /* SignUp7 */,
				850B93C824078C770010CE87 /* SignUp6 */,
				850B93C124075DB00010CE87 /* SignUp5 */,
				850B93BC2406F18E0010CE87 /* SignUp4 */,
				850B93B72406AE2A0010CE87 /* SignUp3 */,
				850B93AE24068B5A0010CE87 /* SignUp2 */,
				850B93A224057F030010CE87 /* SignUp1 */,
			);
			path = SignUp;
			sourceTree = "<group>";
		};
		850B93A224057F030010CE87 /* SignUp1 */ = {
			isa = PBXGroup;
			children = (
				850B93A324057F1B0010CE87 /* SignUp1ViewController.swift */,
				850B93A424057F1B0010CE87 /* SignUp1ViewController.xib */,
			);
			path = SignUp1;
			sourceTree = "<group>";
		};
		850B93AB2405B03E0010CE87 /* Extensions */ = {
			isa = PBXGroup;
			children = (
				850B93AC2405B06C0010CE87 /* UIViewController+.swift */,
				8560DD2F2410E7B1000BF5BF /* UIView+constraints.swift */,
			);
			path = Extensions;
			sourceTree = "<group>";
		};
		850B93AE24068B5A0010CE87 /* SignUp2 */ = {
			isa = PBXGroup;
			children = (
				850B93B324068E4F0010CE87 /* SignUp2ViewController.swift */,
				850B93B424068E4F0010CE87 /* SignUp2ViewController.xib */,
			);
			path = SignUp2;
			sourceTree = "<group>";
		};
		850B93B72406AE2A0010CE87 /* SignUp3 */ = {
			isa = PBXGroup;
			children = (
				850B93B82406AE440010CE87 /* SignUp3ViewController.swift */,
				850B93B92406AE440010CE87 /* SignUp3ViewController.xib */,
			);
			path = SignUp3;
			sourceTree = "<group>";
		};
		850B93BC2406F18E0010CE87 /* SignUp4 */ = {
			isa = PBXGroup;
			children = (
				850B93BD2406F1A90010CE87 /* SignUp4ViewController.swift */,
				850B93BE2406F1A90010CE87 /* SignUp4ViewController.xib */,
			);
			path = SignUp4;
			sourceTree = "<group>";
		};
		850B93C124075DB00010CE87 /* SignUp5 */ = {
			isa = PBXGroup;
			children = (
				850B93C224075DCA0010CE87 /* SignUp5ViewController.swift */,
				850B93C324075DCA0010CE87 /* SignUp5ViewController.xib */,
			);
			path = SignUp5;
			sourceTree = "<group>";
		};
		850B93C824078C770010CE87 /* SignUp6 */ = {
			isa = PBXGroup;
			children = (
				850B93C924078C9B0010CE87 /* SignUp6ViewController.swift */,
				850B93CA24078C9B0010CE87 /* SignUp6ViewController.xib */,
			);
			path = SignUp6;
			sourceTree = "<group>";
		};
		850B93D2240823720010CE87 /* SignUp7 */ = {
			isa = PBXGroup;
			children = (
				850B93D3240823930010CE87 /* SignUp7ViewController.swift */,
				850B93D4240823930010CE87 /* SignUp7ViewController.xib */,
			);
			path = SignUp7;
			sourceTree = "<group>";
		};
		850B93D724083C2B0010CE87 /* SignUp8 */ = {
			isa = PBXGroup;
			children = (
				850B93E52409456F0010CE87 /* SignUp8ViewController.swift */,
				850B93E62409456F0010CE87 /* SignUp8ViewController.xib */,
			);
			path = SignUp8;
			sourceTree = "<group>";
		};
		850B93E024092EA00010CE87 /* SignUp0 */ = {
			isa = PBXGroup;
			children = (
				850B93E124092EF10010CE87 /* SignUp0ViewController.swift */,
				850B93E224092EF10010CE87 /* SignUp0ViewController.xib */,
			);
			path = SignUp0;
			sourceTree = "<group>";
		};
		850B93E92409C0230010CE87 /* Home */ = {
			isa = PBXGroup;
			children = (
				8505BEC6241B7E2100E46191 /* Reservation03 */,
				8560DD4E2413A90D000BF5BF /* Reservation00 */,
				8560DD482412724F000BF5BF /* Reservation02 */,
				8560DD3F24121660000BF5BF /* Reservation01 */,
				850B93EA2409C0390010CE87 /* HomeViewController.swift */,
				850B93EB2409C0390010CE87 /* HomeViewController.xib */,
			);
			path = Home;
			sourceTree = "<group>";
		};
		8514A45F242AFD2800FC0BCF /* EditProfile */ = {
			isa = PBXGroup;
			children = (
				8514A460242AFD4400FC0BCF /* EditProfileViewController.swift */,
				8514A461242AFD4400FC0BCF /* EditProfileViewController.xib */,
			);
			path = EditProfile;
			sourceTree = "<group>";
		};
		8560DD312410FD3E000BF5BF /* ReservationList */ = {
			isa = PBXGroup;
			children = (
				85E8125024234579004ECB87 /* ReservationDetail */,
				8560DD322410FD6D000BF5BF /* ReservationListViewController.swift */,
				8560DD332410FD6D000BF5BF /* ReservationListViewController.xib */,
				8560DD3B241109C7000BF5BF /* ReservationCell.swift */,
				8560DD3C241109C7000BF5BF /* ReservationCell.xib */,
			);
			path = ReservationList;
			sourceTree = "<group>";
		};
		8560DD36241107D1000BF5BF /* MessageList */ = {
			isa = PBXGroup;
			children = (
				8560DD37241107F9000BF5BF /* MessageListViewController.swift */,
				8560DD38241107F9000BF5BF /* MessageListViewController.xib */,
			);
			path = MessageList;
			sourceTree = "<group>";
		};
		8560DD3F24121660000BF5BF /* Reservation01 */ = {
			isa = PBXGroup;
			children = (
				8560DD402412168B000BF5BF /* Reservation01ViewController.swift */,
				8560DD412412168B000BF5BF /* Reservation01ViewController.xib */,
			);
			path = Reservation01;
			sourceTree = "<group>";
		};
		8560DD482412724F000BF5BF /* Reservation02 */ = {
			isa = PBXGroup;
			children = (
				8560DD4924127279000BF5BF /* Reservation02ViewController.swift */,
				8560DD4A2412727A000BF5BF /* Reservation02ViewController.xib */,
				85DB99FC241A05670092935B /* CustomCollectionCell.swift */,
				85DB99FD241A05670092935B /* CustomCollectionCell.xib */,
			);
			path = Reservation02;
			sourceTree = "<group>";
		};
		8560DD4E2413A90D000BF5BF /* Reservation00 */ = {
			isa = PBXGroup;
			children = (
				8560DD4F2413A936000BF5BF /* Reservation00ViewController.swift */,
				8560DD502413A936000BF5BF /* Reservation00ViewController.xib */,
				85DB99F224178E750092935B /* CustomCell.swift */,
				85DB99F324178E750092935B /* CustomCell.xib */,
				85DB99F82417ADA30092935B /* CustomCell2.swift */,
				85DB99F92417ADA30092935B /* CustomCell2.xib */,
			);
			path = Reservation00;
			sourceTree = "<group>";
		};
		858EC3FE2404F308008A93EC /* Controller */ = {
			isa = PBXGroup;
			children = (
				8505BECB241C7A6B00E46191 /* Students */,
				8505BED7241DF65700E46191 /* Seniors */,
				85A506B62404C89900A2F582 /* ViewController.swift */,
			);
			path = Controller;
			sourceTree = "<group>";
		};
		858EC3FF2404F30F008A93EC /* Login */ = {
			isa = PBXGroup;
			children = (
				858EC4002404F324008A93EC /* LoginViewController.swift */,
				858EC4012404F324008A93EC /* LoginViewController.xib */,
			);
			path = Login;
			sourceTree = "<group>";
		};
		858EC40424050457008A93EC /* Model */ = {
			isa = PBXGroup;
			children = (
				85E8124724220EF1004ECB87 /* StudentUser */,
				858EC4052405047F008A93EC /* CustomTextFiled.swift */,
				8505BED6241DECFE00E46191 /* SeniorUser */,
				850B93C6240778730010CE87 /* PlaceholderTextView.swift */,
				8560DD2D240E71FA000BF5BF /* TextView.swift */,
				8505BED5241DECE600E46191 /* SeniorReservation */,
				85DB99F62417A05F0092935B /* CustomLabel.swift */,
				85DB9A02241A0E4B0092935B /* ColumnFlowLayout.swift */,
			);
			path = Model;
			sourceTree = "<group>";
		};
		85A506A62404C89900A2F582 = {
			isa = PBXGroup;
			children = (
				85A506B12404C89900A2F582 /* MagotakuApp */,
				85A506B02404C89900A2F582 /* Products */,
				AA5E0984524B2D9EB644C4EA /* Pods */,
				88DE865513E4F58882BDB1E1 /* Frameworks */,
			);
			sourceTree = "<group>";
		};
		85A506B02404C89900A2F582 /* Products */ = {
			isa = PBXGroup;
			children = (
				85A506AF2404C89900A2F582 /* MagotakuApp.app */,
			);
			name = Products;
			sourceTree = "<group>";
		};
		85A506B12404C89900A2F582 /* MagotakuApp */ = {
			isa = PBXGroup;
			children = (
				850B93AB2405B03E0010CE87 /* Extensions */,
				858EC40424050457008A93EC /* Model */,
				858EC3FE2404F308008A93EC /* Controller */,
				85A506B22404C89900A2F582 /* AppDelegate.swift */,
				85A506B42404C89900A2F582 /* SceneDelegate.swift */,
				85A506B82404C89900A2F582 /* Main.storyboard */,
				85A506BB2404C89C00A2F582 /* Assets.xcassets */,
				85A506BD2404C89C00A2F582 /* LaunchScreen.storyboard */,
				85A506C02404C89C00A2F582 /* Info.plist */,
				858EC3FC2404E14D008A93EC /* GoogleService-Info.plist */,
			);
			path = MagotakuApp;
			sourceTree = "<group>";
		};
		85BD3D8F242E5587002E44AE /* Detail */ = {
			isa = PBXGroup;
			children = (
				85F244AE2436408D00FCBE4F /* SeniorProfile */,
				85BD3D90242E55B3002E44AE /* DetailSearchViewController.swift */,
				85BD3D91242E55B3002E44AE /* DetailSearchViewController.xib */,
				85BB35DD2431D197001255FC /* DetailReservationCell.swift */,
				85BB35DE2431D197001255FC /* DetailReservationCell.xib */,
			);
			path = Detail;
			sourceTree = "<group>";
		};
		85CA68822429E96500062D82 /* ForStudent */ = {
			isa = PBXGroup;
			children = (
				85CA68832429E98C00062D82 /* StudentReservationCollection.swift */,
			);
			path = ForStudent;
			sourceTree = "<group>";
		};
		85CA6889242A51DD00062D82 /* ReservationList */ = {
			isa = PBXGroup;
			children = (
				85CA688A242A522200062D82 /* StudentReservationListViewController.swift */,
				85CA688B242A522200062D82 /* StudentReservationListViewController.xib */,
			);
			path = ReservationList;
			sourceTree = "<group>";
		};
		85CA688E242A522B00062D82 /* MessageList */ = {
			isa = PBXGroup;
			children = (
				85E6D671243727BA001F49CE /* StudentMessageListViewController.swift */,
				85E6D672243727BA001F49CE /* StudentMessageListViewController.xib */,
			);
			path = MessageList;
			sourceTree = "<group>";
		};
		85E6D66C2436D735001F49CE /* DetailProfile */ = {
			isa = PBXGroup;
			children = (
				85E6D66D2436D754001F49CE /* SeniorDetailProfileViewController.swift */,
				85E6D66E2436D754001F49CE /* SeniorDetailProfileViewController.xib */,
			);
			path = DetailProfile;
			sourceTree = "<group>";
		};
		85E81242242208F5004ECB87 /* SignUp */ = {
			isa = PBXGroup;
			children = (
				85E8124324220913004ECB87 /* SignUpStudentViewController.swift */,
				85E8124424220913004ECB87 /* SignUpStudentViewController.xib */,
			);
			path = SignUp;
			sourceTree = "<group>";
		};
		85E8124724220EF1004ECB87 /* StudentUser */ = {
			isa = PBXGroup;
			children = (
				85E8124824220F0F004ECB87 /* StudentUser.swift */,
				85E8124A24225ECC004ECB87 /* StudentUseCase.swift */,
				85CA687C24260F7000062D82 /* StudentCollection.swift */,
			);
			path = StudentUser;
			sourceTree = "<group>";
		};
		85E8125024234579004ECB87 /* ReservationDetail */ = {
			isa = PBXGroup;
			children = (
				85E81251242345C4004ECB87 /* ReservationDetailViewController.swift */,
				85E81252242345C4004ECB87 /* ReservationDetailViewController.xib */,
			);
			path = ReservationDetail;
			sourceTree = "<group>";
		};
		85EC4DFC240E4C5B00FCDCD2 /* Reservation */ = {
			isa = PBXGroup;
			children = (
				8560DD36241107D1000BF5BF /* MessageList */,
				8560DD312410FD3E000BF5BF /* ReservationList */,
				85EC4DFD240E4C7A00FCDCD2 /* ReservationViewController.swift */,
				85EC4DFE240E4C7A00FCDCD2 /* ReservationViewController.xib */,
			);
			path = Reservation;
			sourceTree = "<group>";
		};
		85EC4E01240E4C8F00FCDCD2 /* Profile */ = {
			isa = PBXGroup;
			children = (
				85E6D66C2436D735001F49CE /* DetailProfile */,
				85EC4E02240E4CBA00FCDCD2 /* Profile0 */,
			);
			path = Profile;
			sourceTree = "<group>";
		};
		85EC4E02240E4CBA00FCDCD2 /* Profile0 */ = {
			isa = PBXGroup;
			children = (
				85EC4E03240E4CE200FCDCD2 /* ProfileViewController.swift */,
				85EC4E04240E4CE200FCDCD2 /* ProfileViewController.xib */,
			);
			path = Profile0;
			sourceTree = "<group>";
		};
		85EC4E07240E4E5200FCDCD2 /* Settings */ = {
			isa = PBXGroup;
			children = (
				85EC4E08240E4E7600FCDCD2 /* MainTabBarController.swift */,
				85EC4E0A240E4EC000FCDCD2 /* MainNavigationController.swift */,
			);
			path = Settings;
			sourceTree = "<group>";
		};
		85F244AE2436408D00FCBE4F /* SeniorProfile */ = {
			isa = PBXGroup;
			children = (
				85F244B0243640CE00FCBE4F /* PartSeniorProfileViewController.swift */,
				85F244B1243640CE00FCBE4F /* PartSeniorProfileViewController.xib */,
			);
			path = SeniorProfile;
			sourceTree = "<group>";
		};
		85FE10A4241DFFA0005B33BE /* Settings */ = {
			isa = PBXGroup;
			children = (
				85FE10A5241DFFF1005B33BE /* StudentTabBarController.swift */,
			);
			path = Settings;
			sourceTree = "<group>";
		};
		85FE10A7241E177E005B33BE /* Search */ = {
			isa = PBXGroup;
			children = (
				85BD3D8F242E5587002E44AE /* Detail */,
				85FE10B4241E18F6005B33BE /* MainSearch */,
			);
			path = Search;
			sourceTree = "<group>";
		};
		85FE10A8241E17A7005B33BE /* Reservation */ = {
			isa = PBXGroup;
			children = (
				85CA688E242A522B00062D82 /* MessageList */,
				85CA6889242A51DD00062D82 /* ReservationList */,
				85FE10AF241E18C6005B33BE /* MainReservation */,
			);
			path = Reservation;
			sourceTree = "<group>";
		};
		85FE10A9241E17B6005B33BE /* Profile */ = {
			isa = PBXGroup;
			children = (
				8514A45F242AFD2800FC0BCF /* EditProfile */,
				85FE10AA241E18A7005B33BE /* MainProfile */,
			);
			path = Profile;
			sourceTree = "<group>";
		};
		85FE10AA241E18A7005B33BE /* MainProfile */ = {
			isa = PBXGroup;
			children = (
				85FE10AB241E18B7005B33BE /* StudentProfileViewController.swift */,
				85FE10AC241E18B7005B33BE /* StudentProfileViewController.xib */,
			);
			path = MainProfile;
			sourceTree = "<group>";
		};
		85FE10AF241E18C6005B33BE /* MainReservation */ = {
			isa = PBXGroup;
			children = (
				85FE10B0241E18EA005B33BE /* StudentReservationViewController.swift */,
				85FE10B1241E18EA005B33BE /* StudentReservationViewController.xib */,
			);
			path = MainReservation;
			sourceTree = "<group>";
		};
		85FE10B4241E18F6005B33BE /* MainSearch */ = {
			isa = PBXGroup;
			children = (
				85FE10B5241E1916005B33BE /* SearchViewController.swift */,
				85FE10B6241E1916005B33BE /* SearchViewController.xib */,
				85CA6885242A01BD00062D82 /* CustomReservationCell.swift */,
				85CA6886242A01BD00062D82 /* CustomReservationCell.xib */,
			);
			path = MainSearch;
			sourceTree = "<group>";
		};
		88DE865513E4F58882BDB1E1 /* Frameworks */ = {
			isa = PBXGroup;
			children = (
				C0C6317F8CB795A7E1AF04B4 /* Pods_MagotakuApp.framework */,
			);
			name = Frameworks;
			sourceTree = "<group>";
		};
		AA5E0984524B2D9EB644C4EA /* Pods */ = {
			isa = PBXGroup;
			children = (
				1A12F10324DD0A6DD32145AC /* Pods-MagotakuApp.debug.xcconfig */,
				9ACBFEF63BB3767F2202B9DB /* Pods-MagotakuApp.release.xcconfig */,
			);
			path = Pods;
			sourceTree = "<group>";
		};
/* End PBXGroup section */

/* Begin PBXNativeTarget section */
		85A506AE2404C89900A2F582 /* MagotakuApp */ = {
			isa = PBXNativeTarget;
			buildConfigurationList = 85A506C32404C89C00A2F582 /* Build configuration list for PBXNativeTarget "MagotakuApp" */;
			buildPhases = (
				A7157945866F8F73A8F17C0C /* [CP] Check Pods Manifest.lock */,
				85A506AB2404C89900A2F582 /* Sources */,
				85A506AC2404C89900A2F582 /* Frameworks */,
				85A506AD2404C89900A2F582 /* Resources */,
				C76006D3E822B0BBABC3C0FA /* [CP] Embed Pods Frameworks */,
			);
			buildRules = (
			);
			dependencies = (
			);
			name = MagotakuApp;
			productName = MagotakuApp;
			productReference = 85A506AF2404C89900A2F582 /* MagotakuApp.app */;
			productType = "com.apple.product-type.application";
		};
/* End PBXNativeTarget section */

/* Begin PBXProject section */
		85A506A72404C89900A2F582 /* Project object */ = {
			isa = PBXProject;
			attributes = {
				LastSwiftUpdateCheck = 1130;
				LastUpgradeCheck = 1130;
				ORGANIZATIONNAME = "ISSEY MIYAMOTO";
				TargetAttributes = {
					85A506AE2404C89900A2F582 = {
						CreatedOnToolsVersion = 11.3;
					};
				};
			};
			buildConfigurationList = 85A506AA2404C89900A2F582 /* Build configuration list for PBXProject "MagotakuApp" */;
			compatibilityVersion = "Xcode 9.3";
			developmentRegion = en;
			hasScannedForEncodings = 0;
			knownRegions = (
				en,
				Base,
			);
			mainGroup = 85A506A62404C89900A2F582;
			productRefGroup = 85A506B02404C89900A2F582 /* Products */;
			projectDirPath = "";
			projectRoot = "";
			targets = (
				85A506AE2404C89900A2F582 /* MagotakuApp */,
			);
		};
/* End PBXProject section */

/* Begin PBXResourcesBuildPhase section */
		85A506AD2404C89900A2F582 /* Resources */ = {
			isa = PBXResourcesBuildPhase;
			buildActionMask = 2147483647;
			files = (
				858EC4032404F324008A93EC /* LoginViewController.xib in Resources */,
				85E6D6702436D754001F49CE /* SeniorDetailProfileViewController.xib in Resources */,
				85A506BF2404C89C00A2F582 /* LaunchScreen.storyboard in Resources */,
				85FE10AE241E18B8005B33BE /* StudentProfileViewController.xib in Resources */,
				850B93ED2409C0390010CE87 /* HomeViewController.xib in Resources */,
				850B93C524075DCA0010CE87 /* SignUp5ViewController.xib in Resources */,
				850B93E82409456F0010CE87 /* SignUp8ViewController.xib in Resources */,
				8514A463242AFD4400FC0BCF /* EditProfileViewController.xib in Resources */,
				850B93BB2406AE440010CE87 /* SignUp3ViewController.xib in Resources */,
				8505BED0241C7AAB00E46191 /* LoginStudentViewController.xib in Resources */,
				85F244B3243640CE00FCBE4F /* PartSeniorProfileViewController.xib in Resources */,
				8560DD3A241107F9000BF5BF /* MessageListViewController.xib in Resources */,
				85BD3D93242E55B3002E44AE /* DetailSearchViewController.xib in Resources */,
				85A506BC2404C89C00A2F582 /* Assets.xcassets in Resources */,
				85E81254242345C5004ECB87 /* ReservationDetailViewController.xib in Resources */,
				85DB99FF241A05670092935B /* CustomCollectionCell.xib in Resources */,
				850B93E424092EF10010CE87 /* SignUp0ViewController.xib in Resources */,
				85BB35E02431D197001255FC /* DetailReservationCell.xib in Resources */,
				850B93B624068E4F0010CE87 /* SignUp2ViewController.xib in Resources */,
				8560DD522413A936000BF5BF /* Reservation00ViewController.xib in Resources */,
				85E812412420BD2C004ECB87 /* CustomCell3.xib in Resources */,
				8560DD3E241109C7000BF5BF /* ReservationCell.xib in Resources */,
				8560DD352410FD6D000BF5BF /* ReservationListViewController.xib in Resources */,
				85CA688D242A522200062D82 /* StudentReservationListViewController.xib in Resources */,
				85E8124624220913004ECB87 /* SignUpStudentViewController.xib in Resources */,
				858EC3FD2404E14D008A93EC /* GoogleService-Info.plist in Resources */,
				85DB99FB2417ADA30092935B /* CustomCell2.xib in Resources */,
				850B93D6240823930010CE87 /* SignUp7ViewController.xib in Resources */,
				850B93A624057F1B0010CE87 /* SignUp1ViewController.xib in Resources */,
				850B93CC24078C9B0010CE87 /* SignUp6ViewController.xib in Resources */,
				85E6D674243727BA001F49CE /* StudentMessageListViewController.xib in Resources */,
				85E8124F242276B2004ECB87 /* CustomCell4.xib in Resources */,
				850B93C02406F1A90010CE87 /* SignUp4ViewController.xib in Resources */,
				85DB99F524178E750092935B /* CustomCell.xib in Resources */,
				85FE10B3241E18EA005B33BE /* StudentReservationViewController.xib in Resources */,
				8505BECA241B7E4100E46191 /* Reservation03ViewController.xib in Resources */,
				85A506BA2404C89900A2F582 /* Main.storyboard in Resources */,
				85EC4E06240E4CE200FCDCD2 /* ProfileViewController.xib in Resources */,
				85CA6888242A01BD00062D82 /* CustomReservationCell.xib in Resources */,
				8560DD432412168B000BF5BF /* Reservation01ViewController.xib in Resources */,
				85EC4E00240E4C7A00FCDCD2 /* ReservationViewController.xib in Resources */,
				8560DD4C2412727A000BF5BF /* Reservation02ViewController.xib in Resources */,
				85FE10B8241E1916005B33BE /* SearchViewController.xib in Resources */,
			);
			runOnlyForDeploymentPostprocessing = 0;
		};
/* End PBXResourcesBuildPhase section */

/* Begin PBXShellScriptBuildPhase section */
		A7157945866F8F73A8F17C0C /* [CP] Check Pods Manifest.lock */ = {
			isa = PBXShellScriptBuildPhase;
			buildActionMask = 2147483647;
			files = (
			);
			inputFileListPaths = (
			);
			inputPaths = (
				"${PODS_PODFILE_DIR_PATH}/Podfile.lock",
				"${PODS_ROOT}/Manifest.lock",
			);
			name = "[CP] Check Pods Manifest.lock";
			outputFileListPaths = (
			);
			outputPaths = (
				"$(DERIVED_FILE_DIR)/Pods-MagotakuApp-checkManifestLockResult.txt",
			);
			runOnlyForDeploymentPostprocessing = 0;
			shellPath = /bin/sh;
			shellScript = "diff \"${PODS_PODFILE_DIR_PATH}/Podfile.lock\" \"${PODS_ROOT}/Manifest.lock\" > /dev/null\nif [ $? != 0 ] ; then\n    # print error to STDERR\n    echo \"error: The sandbox is not in sync with the Podfile.lock. Run 'pod install' or update your CocoaPods installation.\" >&2\n    exit 1\nfi\n# This output is used by Xcode 'outputs' to avoid re-running this script phase.\necho \"SUCCESS\" > \"${SCRIPT_OUTPUT_FILE_0}\"\n";
			showEnvVarsInLog = 0;
		};
		C76006D3E822B0BBABC3C0FA /* [CP] Embed Pods Frameworks */ = {
			isa = PBXShellScriptBuildPhase;
			buildActionMask = 2147483647;
			files = (
			);
			inputFileListPaths = (
				"${PODS_ROOT}/Target Support Files/Pods-MagotakuApp/Pods-MagotakuApp-frameworks-${CONFIGURATION}-input-files.xcfilelist",
			);
			name = "[CP] Embed Pods Frameworks";
			outputFileListPaths = (
				"${PODS_ROOT}/Target Support Files/Pods-MagotakuApp/Pods-MagotakuApp-frameworks-${CONFIGURATION}-output-files.xcfilelist",
			);
			runOnlyForDeploymentPostprocessing = 0;
			shellPath = /bin/sh;
			shellScript = "\"${PODS_ROOT}/Target Support Files/Pods-MagotakuApp/Pods-MagotakuApp-frameworks.sh\"\n";
			showEnvVarsInLog = 0;
		};
/* End PBXShellScriptBuildPhase section */

/* Begin PBXSourcesBuildPhase section */
		85A506AB2404C89900A2F582 /* Sources */ = {
			isa = PBXSourcesBuildPhase;
			buildActionMask = 2147483647;
			files = (
				85E81253242345C5004ECB87 /* ReservationDetailViewController.swift in Sources */,
				850B93A524057F1B0010CE87 /* SignUp1ViewController.swift in Sources */,
				858EC4022404F324008A93EC /* LoginViewController.swift in Sources */,
				85DB99F424178E750092935B /* CustomCell.swift in Sources */,
				850B93AD2405B06C0010CE87 /* UIViewController+.swift in Sources */,
				8505BECF241C7AAB00E46191 /* LoginStudentViewController.swift in Sources */,
				85CA687D24260F7000062D82 /* StudentCollection.swift in Sources */,
				850B93D5240823930010CE87 /* SignUp7ViewController.swift in Sources */,
				8560DD342410FD6D000BF5BF /* ReservationListViewController.swift in Sources */,
				85EC4DEF240D1F9000FCDCD2 /* SeniorUserCollection.swift in Sources */,
				85EC4E05240E4CE200FCDCD2 /* ProfileViewController.swift in Sources */,
				85EC4E09240E4E7600FCDCD2 /* MainTabBarController.swift in Sources */,
				85E812402420BD2C004ECB87 /* CustomCell3.swift in Sources */,
				85FE10A6241DFFF1005B33BE /* StudentTabBarController.swift in Sources */,
				8505BED4241DECD000E46191 /* ReservationUseCase.swift in Sources */,
				8560DD3D241109C7000BF5BF /* ReservationCell.swift in Sources */,
				858EC4062405047F008A93EC /* CustomTextFiled.swift in Sources */,
				850B93EC2409C0390010CE87 /* HomeViewController.swift in Sources */,
				850B93C424075DCA0010CE87 /* SignUp5ViewController.swift in Sources */,
				850B93B524068E4F0010CE87 /* SignUp2ViewController.swift in Sources */,
				8560DD4B2412727A000BF5BF /* Reservation02ViewController.swift in Sources */,
				8505BED2241DECB800E46191 /* ReservationCollection.swift in Sources */,
				85A506B72404C89900A2F582 /* ViewController.swift in Sources */,
				85E8124E242276B2004ECB87 /* CustomCell4.swift in Sources */,
				85EC4DED240D198500FCDCD2 /* SeniorUserUseCase.swift in Sources */,
				8560DD39241107F9000BF5BF /* MessageListViewController.swift in Sources */,
				8514A462242AFD4400FC0BCF /* EditProfileViewController.swift in Sources */,
				85DB99F72417A05F0092935B /* CustomLabel.swift in Sources */,
				85A506B32404C89900A2F582 /* AppDelegate.swift in Sources */,
				8560DD2E240E71FA000BF5BF /* TextView.swift in Sources */,
				8560DD422412168B000BF5BF /* Reservation01ViewController.swift in Sources */,
				850B93BF2406F1A90010CE87 /* SignUp4ViewController.swift in Sources */,
				850B93E324092EF10010CE87 /* SignUp0ViewController.swift in Sources */,
				85E8124B24225ECC004ECB87 /* StudentUseCase.swift in Sources */,
				85E6D673243727BA001F49CE /* StudentMessageListViewController.swift in Sources */,
				85CA6887242A01BD00062D82 /* CustomReservationCell.swift in Sources */,
				85FE10B2241E18EA005B33BE /* StudentReservationViewController.swift in Sources */,
				85BD3D92242E55B3002E44AE /* DetailSearchViewController.swift in Sources */,
				85EC4DFF240E4C7A00FCDCD2 /* ReservationViewController.swift in Sources */,
				85DB99FA2417ADA30092935B /* CustomCell2.swift in Sources */,
				85F244B2243640CE00FCBE4F /* PartSeniorProfileViewController.swift in Sources */,
				85CA68842429E98C00062D82 /* StudentReservationCollection.swift in Sources */,
				8560DD512413A936000BF5BF /* Reservation00ViewController.swift in Sources */,
				850B93A0240560530010CE87 /* SeniorUser.swift in Sources */,
				8560DD302410E7B1000BF5BF /* UIView+constraints.swift in Sources */,
				85DB99FE241A05670092935B /* CustomCollectionCell.swift in Sources */,
				85EC4E0B240E4EC000FCDCD2 /* MainNavigationController.swift in Sources */,
				85FE10B7241E1916005B33BE /* SearchViewController.swift in Sources */,
				85BB35DF2431D197001255FC /* DetailReservationCell.swift in Sources */,
				8505BEC9241B7E4100E46191 /* Reservation03ViewController.swift in Sources */,
				85E8124924220F0F004ECB87 /* StudentUser.swift in Sources */,
				850B93E72409456F0010CE87 /* SignUp8ViewController.swift in Sources */,
				85E8124524220913004ECB87 /* SignUpStudentViewController.swift in Sources */,
				850B93BA2406AE440010CE87 /* SignUp3ViewController.swift in Sources */,
				85CA688C242A522200062D82 /* StudentReservationListViewController.swift in Sources */,
				85E6D66F2436D754001F49CE /* SeniorDetailProfileViewController.swift in Sources */,
				85DB9A03241A0E4B0092935B /* ColumnFlowLayout.swift in Sources */,
				850B93CB24078C9B0010CE87 /* SignUp6ViewController.swift in Sources */,
				85FE10AD241E18B7005B33BE /* StudentProfileViewController.swift in Sources */,
				850B93C7240778730010CE87 /* PlaceholderTextView.swift in Sources */,
				8560DD4624121C49000BF5BF /* Reservation.swift in Sources */,
				85A506B52404C89900A2F582 /* SceneDelegate.swift in Sources */,
			);
			runOnlyForDeploymentPostprocessing = 0;
		};
/* End PBXSourcesBuildPhase section */

/* Begin PBXVariantGroup section */
		85A506B82404C89900A2F582 /* Main.storyboard */ = {
			isa = PBXVariantGroup;
			children = (
				85A506B92404C89900A2F582 /* Base */,
			);
			name = Main.storyboard;
			sourceTree = "<group>";
		};
		85A506BD2404C89C00A2F582 /* LaunchScreen.storyboard */ = {
			isa = PBXVariantGroup;
			children = (
				85A506BE2404C89C00A2F582 /* Base */,
			);
			name = LaunchScreen.storyboard;
			sourceTree = "<group>";
		};
/* End PBXVariantGroup section */

/* Begin XCBuildConfiguration section */
		85A506C12404C89C00A2F582 /* Debug */ = {
			isa = XCBuildConfiguration;
			buildSettings = {
				ALWAYS_SEARCH_USER_PATHS = NO;
				CLANG_ANALYZER_NONNULL = YES;
				CLANG_ANALYZER_NUMBER_OBJECT_CONVERSION = YES_AGGRESSIVE;
				CLANG_CXX_LANGUAGE_STANDARD = "gnu++14";
				CLANG_CXX_LIBRARY = "libc++";
				CLANG_ENABLE_MODULES = YES;
				CLANG_ENABLE_OBJC_ARC = YES;
				CLANG_ENABLE_OBJC_WEAK = YES;
				CLANG_WARN_BLOCK_CAPTURE_AUTORELEASING = YES;
				CLANG_WARN_BOOL_CONVERSION = YES;
				CLANG_WARN_COMMA = YES;
				CLANG_WARN_CONSTANT_CONVERSION = YES;
				CLANG_WARN_DEPRECATED_OBJC_IMPLEMENTATIONS = YES;
				CLANG_WARN_DIRECT_OBJC_ISA_USAGE = YES_ERROR;
				CLANG_WARN_DOCUMENTATION_COMMENTS = YES;
				CLANG_WARN_EMPTY_BODY = YES;
				CLANG_WARN_ENUM_CONVERSION = YES;
				CLANG_WARN_INFINITE_RECURSION = YES;
				CLANG_WARN_INT_CONVERSION = YES;
				CLANG_WARN_NON_LITERAL_NULL_CONVERSION = YES;
				CLANG_WARN_OBJC_IMPLICIT_RETAIN_SELF = YES;
				CLANG_WARN_OBJC_LITERAL_CONVERSION = YES;
				CLANG_WARN_OBJC_ROOT_CLASS = YES_ERROR;
				CLANG_WARN_RANGE_LOOP_ANALYSIS = YES;
				CLANG_WARN_STRICT_PROTOTYPES = YES;
				CLANG_WARN_SUSPICIOUS_MOVE = YES;
				CLANG_WARN_UNGUARDED_AVAILABILITY = YES_AGGRESSIVE;
				CLANG_WARN_UNREACHABLE_CODE = YES;
				CLANG_WARN__DUPLICATE_METHOD_MATCH = YES;
				COPY_PHASE_STRIP = NO;
				DEBUG_INFORMATION_FORMAT = dwarf;
				ENABLE_STRICT_OBJC_MSGSEND = YES;
				ENABLE_TESTABILITY = YES;
				GCC_C_LANGUAGE_STANDARD = gnu11;
				GCC_DYNAMIC_NO_PIC = NO;
				GCC_NO_COMMON_BLOCKS = YES;
				GCC_OPTIMIZATION_LEVEL = 0;
				GCC_PREPROCESSOR_DEFINITIONS = (
					"DEBUG=1",
					"$(inherited)",
				);
				GCC_WARN_64_TO_32_BIT_CONVERSION = YES;
				GCC_WARN_ABOUT_RETURN_TYPE = YES_ERROR;
				GCC_WARN_UNDECLARED_SELECTOR = YES;
				GCC_WARN_UNINITIALIZED_AUTOS = YES_AGGRESSIVE;
				GCC_WARN_UNUSED_FUNCTION = YES;
				GCC_WARN_UNUSED_VARIABLE = YES;
				IPHONEOS_DEPLOYMENT_TARGET = 13.2;
				MTL_ENABLE_DEBUG_INFO = INCLUDE_SOURCE;
				MTL_FAST_MATH = YES;
				ONLY_ACTIVE_ARCH = YES;
				SDKROOT = iphoneos;
				SWIFT_ACTIVE_COMPILATION_CONDITIONS = DEBUG;
				SWIFT_OPTIMIZATION_LEVEL = "-Onone";
			};
			name = Debug;
		};
		85A506C22404C89C00A2F582 /* Release */ = {
			isa = XCBuildConfiguration;
			buildSettings = {
				ALWAYS_SEARCH_USER_PATHS = NO;
				CLANG_ANALYZER_NONNULL = YES;
				CLANG_ANALYZER_NUMBER_OBJECT_CONVERSION = YES_AGGRESSIVE;
				CLANG_CXX_LANGUAGE_STANDARD = "gnu++14";
				CLANG_CXX_LIBRARY = "libc++";
				CLANG_ENABLE_MODULES = YES;
				CLANG_ENABLE_OBJC_ARC = YES;
				CLANG_ENABLE_OBJC_WEAK = YES;
				CLANG_WARN_BLOCK_CAPTURE_AUTORELEASING = YES;
				CLANG_WARN_BOOL_CONVERSION = YES;
				CLANG_WARN_COMMA = YES;
				CLANG_WARN_CONSTANT_CONVERSION = YES;
				CLANG_WARN_DEPRECATED_OBJC_IMPLEMENTATIONS = YES;
				CLANG_WARN_DIRECT_OBJC_ISA_USAGE = YES_ERROR;
				CLANG_WARN_DOCUMENTATION_COMMENTS = YES;
				CLANG_WARN_EMPTY_BODY = YES;
				CLANG_WARN_ENUM_CONVERSION = YES;
				CLANG_WARN_INFINITE_RECURSION = YES;
				CLANG_WARN_INT_CONVERSION = YES;
				CLANG_WARN_NON_LITERAL_NULL_CONVERSION = YES;
				CLANG_WARN_OBJC_IMPLICIT_RETAIN_SELF = YES;
				CLANG_WARN_OBJC_LITERAL_CONVERSION = YES;
				CLANG_WARN_OBJC_ROOT_CLASS = YES_ERROR;
				CLANG_WARN_RANGE_LOOP_ANALYSIS = YES;
				CLANG_WARN_STRICT_PROTOTYPES = YES;
				CLANG_WARN_SUSPICIOUS_MOVE = YES;
				CLANG_WARN_UNGUARDED_AVAILABILITY = YES_AGGRESSIVE;
				CLANG_WARN_UNREACHABLE_CODE = YES;
				CLANG_WARN__DUPLICATE_METHOD_MATCH = YES;
				COPY_PHASE_STRIP = NO;
				DEBUG_INFORMATION_FORMAT = "dwarf-with-dsym";
				ENABLE_NS_ASSERTIONS = NO;
				ENABLE_STRICT_OBJC_MSGSEND = YES;
				GCC_C_LANGUAGE_STANDARD = gnu11;
				GCC_NO_COMMON_BLOCKS = YES;
				GCC_WARN_64_TO_32_BIT_CONVERSION = YES;
				GCC_WARN_ABOUT_RETURN_TYPE = YES_ERROR;
				GCC_WARN_UNDECLARED_SELECTOR = YES;
				GCC_WARN_UNINITIALIZED_AUTOS = YES_AGGRESSIVE;
				GCC_WARN_UNUSED_FUNCTION = YES;
				GCC_WARN_UNUSED_VARIABLE = YES;
				IPHONEOS_DEPLOYMENT_TARGET = 13.2;
				MTL_ENABLE_DEBUG_INFO = NO;
				MTL_FAST_MATH = YES;
				SDKROOT = iphoneos;
				SWIFT_COMPILATION_MODE = wholemodule;
				SWIFT_OPTIMIZATION_LEVEL = "-O";
				VALIDATE_PRODUCT = YES;
			};
			name = Release;
		};
		85A506C42404C89C00A2F582 /* Debug */ = {
			isa = XCBuildConfiguration;
			baseConfigurationReference = 1A12F10324DD0A6DD32145AC /* Pods-MagotakuApp.debug.xcconfig */;
			buildSettings = {
				ASSETCATALOG_COMPILER_APPICON_NAME = AppIcon;
				CODE_SIGN_STYLE = Automatic;
				DEVELOPMENT_TEAM = HN3QP72JH2;
				INFOPLIST_FILE = MagotakuApp/Info.plist;
				LD_RUNPATH_SEARCH_PATHS = (
					"$(inherited)",
					"@executable_path/Frameworks",
				);
				PRODUCT_BUNDLE_IDENTIFIER = com.issey.MagotakuApp;
				PRODUCT_NAME = "$(TARGET_NAME)";
				SWIFT_VERSION = 5.0;
				TARGETED_DEVICE_FAMILY = 1;
			};
			name = Debug;
		};
		85A506C52404C89C00A2F582 /* Release */ = {
			isa = XCBuildConfiguration;
			baseConfigurationReference = 9ACBFEF63BB3767F2202B9DB /* Pods-MagotakuApp.release.xcconfig */;
			buildSettings = {
				ASSETCATALOG_COMPILER_APPICON_NAME = AppIcon;
				CODE_SIGN_STYLE = Automatic;
				DEVELOPMENT_TEAM = HN3QP72JH2;
				INFOPLIST_FILE = MagotakuApp/Info.plist;
				LD_RUNPATH_SEARCH_PATHS = (
					"$(inherited)",
					"@executable_path/Frameworks",
				);
				PRODUCT_BUNDLE_IDENTIFIER = com.issey.MagotakuApp;
				PRODUCT_NAME = "$(TARGET_NAME)";
				SWIFT_VERSION = 5.0;
				TARGETED_DEVICE_FAMILY = 1;
			};
			name = Release;
		};
/* End XCBuildConfiguration section */

/* Begin XCConfigurationList section */
		85A506AA2404C89900A2F582 /* Build configuration list for PBXProject "MagotakuApp" */ = {
			isa = XCConfigurationList;
			buildConfigurations = (
				85A506C12404C89C00A2F582 /* Debug */,
				85A506C22404C89C00A2F582 /* Release */,
			);
			defaultConfigurationIsVisible = 0;
			defaultConfigurationName = Release;
		};
		85A506C32404C89C00A2F582 /* Build configuration list for PBXNativeTarget "MagotakuApp" */ = {
			isa = XCConfigurationList;
			buildConfigurations = (
				85A506C42404C89C00A2F582 /* Debug */,
				85A506C52404C89C00A2F582 /* Release */,
			);
			defaultConfigurationIsVisible = 0;
			defaultConfigurationName = Release;
		};
/* End XCConfigurationList section */
	};
	rootObject = 85A506A72404C89900A2F582 /* Project object */;
}
